// !$*UTF8*$!
{
	archiveVersion = 1;
	classes = {
	};
	objectVersion = 56;
	objects = {

/* Begin PBXBuildFile section */
		C47757422A35DD2C00A3880E /* AppDelegate.swift in Sources */ = {isa = PBXBuildFile; fileRef = C47757412A35DD2C00A3880E /* AppDelegate.swift */; };
		C47757442A35DD2C00A3880E /* SceneDelegate.swift in Sources */ = {isa = PBXBuildFile; fileRef = C47757432A35DD2C00A3880E /* SceneDelegate.swift */; };
		C47757462A35DD2C00A3880E /* HomeViewController.swift in Sources */ = {isa = PBXBuildFile; fileRef = C47757452A35DD2C00A3880E /* HomeViewController.swift */; };
		C477574B2A35DD2E00A3880E /* Assets.xcassets in Resources */ = {isa = PBXBuildFile; fileRef = C477574A2A35DD2E00A3880E /* Assets.xcassets */; };
		C477574E2A35DD2E00A3880E /* LaunchScreen.storyboard in Resources */ = {isa = PBXBuildFile; fileRef = C477574C2A35DD2E00A3880E /* LaunchScreen.storyboard */; };
		C47757592A35E64B00A3880E /* HomeScreen.swift in Sources */ = {isa = PBXBuildFile; fileRef = C47757582A35E64B00A3880E /* HomeScreen.swift */; };
		C477575D2A361F7400A3880E /* Alert.swift in Sources */ = {isa = PBXBuildFile; fileRef = C477575C2A361F7400A3880E /* Alert.swift */; };
		C47757602A36205400A3880E /* Person.swift in Sources */ = {isa = PBXBuildFile; fileRef = C477575F2A36205400A3880E /* Person.swift */; };
		C47757632A3620FC00A3880E /* EmptyTableViewCell.swift in Sources */ = {isa = PBXBuildFile; fileRef = C47757622A3620FC00A3880E /* EmptyTableViewCell.swift */; };
/* End PBXBuildFile section */

/* Begin PBXFileReference section */
		C477573E2A35DD2C00A3880E /* Roleta.app */ = {isa = PBXFileReference; explicitFileType = wrapper.application; includeInIndex = 0; path = Roleta.app; sourceTree = BUILT_PRODUCTS_DIR; };
		C47757412A35DD2C00A3880E /* AppDelegate.swift */ = {isa = PBXFileReference; lastKnownFileType = sourcecode.swift; path = AppDelegate.swift; sourceTree = "<group>"; };
		C47757432A35DD2C00A3880E /* SceneDelegate.swift */ = {isa = PBXFileReference; lastKnownFileType = sourcecode.swift; path = SceneDelegate.swift; sourceTree = "<group>"; };
		C47757452A35DD2C00A3880E /* HomeViewController.swift */ = {isa = PBXFileReference; lastKnownFileType = sourcecode.swift; path = HomeViewController.swift; sourceTree = "<group>"; };
		C477574A2A35DD2E00A3880E /* Assets.xcassets */ = {isa = PBXFileReference; lastKnownFileType = folder.assetcatalog; path = Assets.xcassets; sourceTree = "<group>"; };
		C477574D2A35DD2E00A3880E /* Base */ = {isa = PBXFileReference; lastKnownFileType = file.storyboard; name = Base; path = Base.lproj/LaunchScreen.storyboard; sourceTree = "<group>"; };
		C477574F2A35DD2E00A3880E /* Info.plist */ = {isa = PBXFileReference; lastKnownFileType = text.plist.xml; path = Info.plist; sourceTree = "<group>"; };
		C47757582A35E64B00A3880E /* HomeScreen.swift */ = {isa = PBXFileReference; lastKnownFileType = sourcecode.swift; path = HomeScreen.swift; sourceTree = "<group>"; };
		C477575C2A361F7400A3880E /* Alert.swift */ = {isa = PBXFileReference; lastKnownFileType = sourcecode.swift; path = Alert.swift; sourceTree = "<group>"; };
		C477575F2A36205400A3880E /* Person.swift */ = {isa = PBXFileReference; lastKnownFileType = sourcecode.swift; path = Person.swift; sourceTree = "<group>"; };
		C47757622A3620FC00A3880E /* EmptyTableViewCell.swift */ = {isa = PBXFileReference; lastKnownFileType = sourcecode.swift; path = EmptyTableViewCell.swift; sourceTree = "<group>"; };
/* End PBXFileReference section */

/* Begin PBXFrameworksBuildPhase section */
		C477573B2A35DD2C00A3880E /* Frameworks */ = {
			isa = PBXFrameworksBuildPhase;
			buildActionMask = 2147483647;
			files = (
			);
			runOnlyForDeploymentPostprocessing = 0;
		};
/* End PBXFrameworksBuildPhase section */

/* Begin PBXGroup section */
		C47757352A35DD2C00A3880E = {
			isa = PBXGroup;
			children = (
				C47757402A35DD2C00A3880E /* Roleta */,
				C477573F2A35DD2C00A3880E /* Products */,
			);
			sourceTree = "<group>";
		};
		C477573F2A35DD2C00A3880E /* Products */ = {
			isa = PBXGroup;
			children = (
				C477573E2A35DD2C00A3880E /* Roleta.app */,
			);
			name = Products;
			sourceTree = "<group>";
		};
		C47757402A35DD2C00A3880E /* Roleta */ = {
			isa = PBXGroup;
			children = (
				C477575E2A36204500A3880E /* Model */,
				C477575B2A361F6100A3880E /* Alert */,
				C47757572A35E63200A3880E /* Home */,
				C47757552A35DFA000A3880E /* Resource */,
				C477574F2A35DD2E00A3880E /* Info.plist */,
			);
			path = Roleta;
			sourceTree = "<group>";
		};
		C47757552A35DFA000A3880E /* Resource */ = {
			isa = PBXGroup;
			children = (
				C47757412A35DD2C00A3880E /* AppDelegate.swift */,
				C47757432A35DD2C00A3880E /* SceneDelegate.swift */,
				C477574A2A35DD2E00A3880E /* Assets.xcassets */,
				C477574C2A35DD2E00A3880E /* LaunchScreen.storyboard */,
			);
			path = Resource;
			sourceTree = "<group>";
		};
		C47757572A35E63200A3880E /* Home */ = {
			isa = PBXGroup;
			children = (
				C47757612A3620D500A3880E /* Cell */,
				C477575A2A35E65000A3880E /* Screen */,
				C47757452A35DD2C00A3880E /* HomeViewController.swift */,
			);
			path = Home;
			sourceTree = "<group>";
		};
		C477575A2A35E65000A3880E /* Screen */ = {
			isa = PBXGroup;
			children = (
				C47757582A35E64B00A3880E /* HomeScreen.swift */,
			);
			path = Screen;
			sourceTree = "<group>";
		};
		C477575B2A361F6100A3880E /* Alert */ = {
			isa = PBXGroup;
			children = (
				C477575C2A361F7400A3880E /* Alert.swift */,
			);
			path = Alert;
			sourceTree = "<group>";
		};
		C477575E2A36204500A3880E /* Model */ = {
			isa = PBXGroup;
			children = (
				C477575F2A36205400A3880E /* Person.swift */,
			);
			path = Model;
			sourceTree = "<group>";
		};
		C47757612A3620D500A3880E /* Cell */ = {
			isa = PBXGroup;
			children = (
				C47757622A3620FC00A3880E /* EmptyTableViewCell.swift */,
			);
			path = Cell;
			sourceTree = "<group>";
		};
/* End PBXGroup section */

/* Begin PBXNativeTarget section */
		C477573D2A35DD2C00A3880E /* Roleta */ = {
			isa = PBXNativeTarget;
			buildConfigurationList = C47757522A35DD2E00A3880E /* Build configuration list for PBXNativeTarget "Roleta" */;
			buildPhases = (
				C477573A2A35DD2C00A3880E /* Sources */,
				C477573B2A35DD2C00A3880E /* Frameworks */,
				C477573C2A35DD2C00A3880E /* Resources */,
			);
			buildRules = (
			);
			dependencies = (
			);
			name = Roleta;
			productName = Roleta;
			productReference = C477573E2A35DD2C00A3880E /* Roleta.app */;
			productType = "com.apple.product-type.application";
		};
/* End PBXNativeTarget section */

/* Begin PBXProject section */
		C47757362A35DD2C00A3880E /* Project object */ = {
			isa = PBXProject;
			attributes = {
				BuildIndependentTargetsInParallel = 1;
				LastSwiftUpdateCheck = 1430;
				LastUpgradeCheck = 1430;
				TargetAttributes = {
					C477573D2A35DD2C00A3880E = {
						CreatedOnToolsVersion = 14.3.1;
					};
				};
			};
			buildConfigurationList = C47757392A35DD2C00A3880E /* Build configuration list for PBXProject "Roleta" */;
			compatibilityVersion = "Xcode 14.0";
			developmentRegion = en;
			hasScannedForEncodings = 0;
			knownRegions = (
				en,
				Base,
			);
			mainGroup = C47757352A35DD2C00A3880E;
			productRefGroup = C477573F2A35DD2C00A3880E /* Products */;
			projectDirPath = "";
			projectRoot = "";
			targets = (
				C477573D2A35DD2C00A3880E /* Roleta */,
			);
		};
/* End PBXProject section */

/* Begin PBXResourcesBuildPhase section */
		C477573C2A35DD2C00A3880E /* Resources */ = {
			isa = PBXResourcesBuildPhase;
			buildActionMask = 2147483647;
			files = (
				C477574E2A35DD2E00A3880E /* LaunchScreen.storyboard in Resources */,
				C477574B2A35DD2E00A3880E /* Assets.xcassets in Resources */,
			);
			runOnlyForDeploymentPostprocessing = 0;
		};
/* End PBXResourcesBuildPhase section */

/* Begin PBXSourcesBuildPhase section */
		C477573A2A35DD2C00A3880E /* Sources */ = {
			isa = PBXSourcesBuildPhase;
			buildActionMask = 2147483647;
			files = (
				C47757602A36205400A3880E /* Person.swift in Sources */,
				C47757592A35E64B00A3880E /* HomeScreen.swift in Sources */,
				C47757462A35DD2C00A3880E /* HomeViewController.swift in Sources */,
				C47757422A35DD2C00A3880E /* AppDelegate.swift in Sources */,
				C477575D2A361F7400A3880E /* Alert.swift in Sources */,
				C47757632A3620FC00A3880E /* EmptyTableViewCell.swift in Sources */,
				C47757442A35DD2C00A3880E /* SceneDelegate.swift in Sources */,
			);
			runOnlyForDeploymentPostprocessing = 0;
		};
/* End PBXSourcesBuildPhase section */

/* Begin PBXVariantGroup section */
		C477574C2A35DD2E00A3880E /* LaunchScreen.storyboard */ = {
			isa = PBXVariantGroup;
			children = (
				C477574D2A35DD2E00A3880E /* Base */,
			);
			name = LaunchScreen.storyboard;
			sourceTree = "<group>";
		};
/* End PBXVariantGroup section */

/* Begin XCBuildConfiguration section */
		C47757502A35DD2E00A3880E /* Debug */ = {
			isa = XCBuildConfiguration;
			buildSettings = {
				ALWAYS_SEARCH_USER_PATHS = NO;
				CLANG_ANALYZER_NONNULL = YES;
				CLANG_ANALYZER_NUMBER_OBJECT_CONVERSION = YES_AGGRESSIVE;
				CLANG_CXX_LANGUAGE_STANDARD = "gnu++20";
				CLANG_ENABLE_MODULES = YES;
				CLANG_ENABLE_OBJC_ARC = YES;
				CLANG_ENABLE_OBJC_WEAK = YES;
				CLANG_WARN_BLOCK_CAPTURE_AUTORELEASING = YES;
				CLANG_WARN_BOOL_CONVERSION = YES;
				CLANG_WARN_COMMA = YES;
				CLANG_WARN_CONSTANT_CONVERSION = YES;
				CLANG_WARN_DEPRECATED_OBJC_IMPLEMENTATIONS = YES;
				CLANG_WARN_DIRECT_OBJC_ISA_USAGE = YES_ERROR;
				CLANG_WARN_DOCUMENTATION_COMMENTS = YES;
				CLANG_WARN_EMPTY_BODY = YES;
				CLANG_WARN_ENUM_CONVERSION = YES;
				CLANG_WARN_INFINITE_RECURSION = YES;
				CLANG_WARN_INT_CONVERSION = YES;
				CLANG_WARN_NON_LITERAL_NULL_CONVERSION = YES;
				CLANG_WARN_OBJC_IMPLICIT_RETAIN_SELF = YES;
				CLANG_WARN_OBJC_LITERAL_CONVERSION = YES;
				CLANG_WARN_OBJC_ROOT_CLASS = YES_ERROR;
				CLANG_WARN_QUOTED_INCLUDE_IN_FRAMEWORK_HEADER = YES;
				CLANG_WARN_RANGE_LOOP_ANALYSIS = YES;
				CLANG_WARN_STRICT_PROTOTYPES = YES;
				CLANG_WARN_SUSPICIOUS_MOVE = YES;
				CLANG_WARN_UNGUARDED_AVAILABILITY = YES_AGGRESSIVE;
				CLANG_WARN_UNREACHABLE_CODE = YES;
				CLANG_WARN__DUPLICATE_METHOD_MATCH = YES;
				COPY_PHASE_STRIP = NO;
				DEBUG_INFORMATION_FORMAT = dwarf;
				ENABLE_STRICT_OBJC_MSGSEND = YES;
				ENABLE_TESTABILITY = YES;
				GCC_C_LANGUAGE_STANDARD = gnu11;
				GCC_DYNAMIC_NO_PIC = NO;
				GCC_NO_COMMON_BLOCKS = YES;
				GCC_OPTIMIZATION_LEVEL = 0;
				GCC_PREPROCESSOR_DEFINITIONS = (
					"DEBUG=1",
					"$(inherited)",
				);
				GCC_WARN_64_TO_32_BIT_CONVERSION = YES;
				GCC_WARN_ABOUT_RETURN_TYPE = YES_ERROR;
				GCC_WARN_UNDECLARED_SELECTOR = YES;
				GCC_WARN_UNINITIALIZED_AUTOS = YES_AGGRESSIVE;
				GCC_WARN_UNUSED_FUNCTION = YES;
				GCC_WARN_UNUSED_VARIABLE = YES;
				IPHONEOS_DEPLOYMENT_TARGET = 16.4;
				MTL_ENABLE_DEBUG_INFO = INCLUDE_SOURCE;
				MTL_FAST_MATH = YES;
				ONLY_ACTIVE_ARCH = YES;
				SDKROOT = iphoneos;
				SWIFT_ACTIVE_COMPILATION_CONDITIONS = DEBUG;
				SWIFT_OPTIMIZATION_LEVEL = "-Onone";
			};
			name = Debug;
		};
		C47757512A35DD2E00A3880E /* Release */ = {
			isa = XCBuildConfiguration;
			buildSettings = {
				ALWAYS_SEARCH_USER_PATHS = NO;
				CLANG_ANALYZER_NONNULL = YES;
				CLANG_ANALYZER_NUMBER_OBJECT_CONVERSION = YES_AGGRESSIVE;
				CLANG_CXX_LANGUAGE_STANDARD = "gnu++20";
				CLANG_ENABLE_MODULES = YES;
				CLANG_ENABLE_OBJC_ARC = YES;
				CLANG_ENABLE_OBJC_WEAK = YES;
				CLANG_WARN_BLOCK_CAPTURE_AUTORELEASING = YES;
				CLANG_WARN_BOOL_CONVERSION = YES;
				CLANG_WARN_COMMA = YES;
				CLANG_WARN_CONSTANT_CONVERSION = YES;
				CLANG_WARN_DEPRECATED_OBJC_IMPLEMENTATIONS = YES;
				CLANG_WARN_DIRECT_OBJC_ISA_USAGE = YES_ERROR;
				CLANG_WARN_DOCUMENTATION_COMMENTS = YES;
				CLANG_WARN_EMPTY_BODY = YES;
				CLANG_WARN_ENUM_CONVERSION = YES;
				CLANG_WARN_INFINITE_RECURSION = YES;
				CLANG_WARN_INT_CONVERSION = YES;
				CLANG_WARN_NON_LITERAL_NULL_CONVERSION = YES;
				CLANG_WARN_OBJC_IMPLICIT_RETAIN_SELF = YES;
				CLANG_WARN_OBJC_LITERAL_CONVERSION = YES;
				CLANG_WARN_OBJC_ROOT_CLASS = YES_ERROR;
				CLANG_WARN_QUOTED_INCLUDE_IN_FRAMEWORK_HEADER = YES;
				CLANG_WARN_RANGE_LOOP_ANALYSIS = YES;
				CLANG_WARN_STRICT_PROTOTYPES = YES;
				CLANG_WARN_SUSPICIOUS_MOVE = YES;
				CLANG_WARN_UNGUARDED_AVAILABILITY = YES_AGGRESSIVE;
				CLANG_WARN_UNREACHABLE_CODE = YES;
				CLANG_WARN__DUPLICATE_METHOD_MATCH = YES;
				COPY_PHASE_STRIP = NO;
				DEBUG_INFORMATION_FORMAT = "dwarf-with-dsym";
				ENABLE_NS_ASSERTIONS = NO;
				ENABLE_STRICT_OBJC_MSGSEND = YES;
				GCC_C_LANGUAGE_STANDARD = gnu11;
				GCC_NO_COMMON_BLOCKS = YES;
				GCC_WARN_64_TO_32_BIT_CONVERSION = YES;
				GCC_WARN_ABOUT_RETURN_TYPE = YES_ERROR;
				GCC_WARN_UNDECLARED_SELECTOR = YES;
				GCC_WARN_UNINITIALIZED_AUTOS = YES_AGGRESSIVE;
				GCC_WARN_UNUSED_FUNCTION = YES;
				GCC_WARN_UNUSED_VARIABLE = YES;
				IPHONEOS_DEPLOYMENT_TARGET = 16.4;
				MTL_ENABLE_DEBUG_INFO = NO;
				MTL_FAST_MATH = YES;
				SDKROOT = iphoneos;
				SWIFT_COMPILATION_MODE = wholemodule;
				SWIFT_OPTIMIZATION_LEVEL = "-O";
				VALIDATE_PRODUCT = YES;
			};
			name = Release;
		};
		C47757532A35DD2E00A3880E /* Debug */ = {
			isa = XCBuildConfiguration;
			buildSettings = {
				ASSETCATALOG_COMPILER_APPICON_NAME = AppIcon;
				ASSETCATALOG_COMPILER_GLOBAL_ACCENT_COLOR_NAME = AccentColor;
				CODE_SIGN_STYLE = Automatic;
				CURRENT_PROJECT_VERSION = 1;
				GENERATE_INFOPLIST_FILE = YES;
				INFOPLIST_FILE = Roleta/Info.plist;
				INFOPLIST_KEY_UIApplicationSupportsIndirectInputEvents = YES;
				INFOPLIST_KEY_UILaunchStoryboardName = LaunchScreen;
				INFOPLIST_KEY_UISupportedInterfaceOrientations_iPad = "UIInterfaceOrientationPortrait UIInterfaceOrientationPortraitUpsideDown UIInterfaceOrientationLandscapeLeft UIInterfaceOrientationLandscapeRight";
				INFOPLIST_KEY_UISupportedInterfaceOrientations_iPhone = "UIInterfaceOrientationPortrait UIInterfaceOrientationLandscapeLeft UIInterfaceOrientationLandscapeRight";
				LD_RUNPATH_SEARCH_PATHS = (
					"$(inherited)",
					"@executable_path/Frameworks",
				);
				MARKETING_VERSION = 1.0;
				PRODUCT_BUNDLE_IDENTIFIER = GabrielMors.Roleta;
				PRODUCT_NAME = "$(TARGET_NAME)";
				SWIFT_EMIT_LOC_STRINGS = YES;
				SWIFT_VERSION = 5.0;
				TARGETED_DEVICE_FAMILY = "1,2";
			};
			name = Debug;
		};
		C47757542A35DD2E00A3880E /* Release */ = {
			isa = XCBuildConfiguration;
			buildSettings = {
				ASSETCATALOG_COMPILER_APPICON_NAME = AppIcon;
				ASSETCATALOG_COMPILER_GLOBAL_ACCENT_COLOR_NAME = AccentColor;
				CODE_SIGN_STYLE = Automatic;
				CURRENT_PROJECT_VERSION = 1;
				GENERATE_INFOPLIST_FILE = YES;
				INFOPLIST_FILE = Roleta/Info.plist;
				INFOPLIST_KEY_UIApplicationSupportsIndirectInputEvents = YES;
				INFOPLIST_KEY_UILaunchStoryboardName = LaunchScreen;
				INFOPLIST_KEY_UISupportedInterfaceOrientations_iPad = "UIInterfaceOrientationPortrait UIInterfaceOrientationPortraitUpsideDown UIInterfaceOrientationLandscapeLeft UIInterfaceOrientationLandscapeRight";
				INFOPLIST_KEY_UISupportedInterfaceOrientations_iPhone = "UIInterfaceOrientationPortrait UIInterfaceOrientationLandscapeLeft UIInterfaceOrientationLandscapeRight";
				LD_RUNPATH_SEARCH_PATHS = (
					"$(inherited)",
					"@executable_path/Frameworks",
				);
				MARKETING_VERSION = 1.0;
				PRODUCT_BUNDLE_IDENTIFIER = GabrielMors.Roleta;
				PRODUCT_NAME = "$(TARGET_NAME)";
				SWIFT_EMIT_LOC_STRINGS = YES;
				SWIFT_VERSION = 5.0;
				TARGETED_DEVICE_FAMILY = "1,2";
			};
			name = Release;
		};
/* End XCBuildConfiguration section */

/* Begin XCConfigurationList section */
		C47757392A35DD2C00A3880E /* Build configuration list for PBXProject "Roleta" */ = {
			isa = XCConfigurationList;
			buildConfigurations = (
				C47757502A35DD2E00A3880E /* Debug */,
				C47757512A35DD2E00A3880E /* Release */,
			);
			defaultConfigurationIsVisible = 0;
			defaultConfigurationName = Release;
		};
		C47757522A35DD2E00A3880E /* Build configuration list for PBXNativeTarget "Roleta" */ = {
			isa = XCConfigurationList;
			buildConfigurations = (
				C47757532A35DD2E00A3880E /* Debug */,
				C47757542A35DD2E00A3880E /* Release */,
			);
			defaultConfigurationIsVisible = 0;
			defaultConfigurationName = Release;
		};
/* End XCConfigurationList section */
	};
	rootObject = C47757362A35DD2C00A3880E /* Project object */;
}
